
Microsoft Visual Studio Solution File, Format Version 12.00
# Visual Studio Version 16
VisualStudioVersion = 16.0.31321.278
MinimumVisualStudioVersion = 10.0.40219.1
Project("{FAE04EC0-301F-11D3-BF4B-00C04F79EFBC}") = "binaryfile", "binaryfile\binaryfile.csproj", "{FA29135D-C715-46CF-81DC-87660F20A4D1}"
EndProject
Global
	GlobalSection(SolutionConfigurationPlatforms) = preSolution
		Debug|Any CPU = Debug|Any CPU
		Release|Any CPU = Release|Any CPU
	EndGlobalSection
	GlobalSection(ProjectConfigurationPlatforms) = postSolution
		{FA29135D-C715-46CF-81DC-87660F20A4D1}.Debug|Any CPU.ActiveCfg = Debug|Any CPU
		{FA29135D-C715-46CF-81DC-87660F20A4D1}.Debug|Any CPU.Build.0 = Debug|Any CPU
		{FA29135D-C715-46CF-81DC-87660F20A4D1}.Release|Any CPU.ActiveCfg = Release|Any CPU
		{FA29135D-C715-46CF-81DC-87660F20A4D1}.Release|Any CPU.Build.0 = Release|Any CPU
	EndGlobalSection
	GlobalSection(SolutionProperties) = preSolution
		HideSolutionNode = FALSE
	EndGlobalSection
	GlobalSection(ExtensibilityGlobals) = postSolution
		SolutionGuid = {B923BF42-14B9-4418-9870-88BE526D69A9}
	EndGlobalSection
EndGlobal
